
Microsoft Visual Studio Solution File, Format Version 12.00
# Visual Studio Version 17
VisualStudioVersion = 17.0.31912.275
MinimumVisualStudioVersion = 10.0.40219.1
Project("{FAE04EC0-301F-11D3-BF4B-00C04F79EFBC}") = "Git Hub cek apakah bilangan prima atau bukan", "Git Hub cek apakah bilangan prima atau bukan\Git Hub cek apakah bilangan prima atau bukan.csproj", "{72939BF8-A2F0-4A13-BD57-1778CD01E214}"
EndProject
Global
	GlobalSection(SolutionConfigurationPlatforms) = preSolution
		Debug|Any CPU = Debug|Any CPU
		Release|Any CPU = Release|Any CPU
	EndGlobalSection
	GlobalSection(ProjectConfigurationPlatforms) = postSolution
		{72939BF8-A2F0-4A13-BD57-1778CD01E214}.Debug|Any CPU.ActiveCfg = Debug|Any CPU
		{72939BF8-A2F0-4A13-BD57-1778CD01E214}.Debug|Any CPU.Build.0 = Debug|Any CPU
		{72939BF8-A2F0-4A13-BD57-1778CD01E214}.Release|Any CPU.ActiveCfg = Release|Any CPU
		{72939BF8-A2F0-4A13-BD57-1778CD01E214}.Release|Any CPU.Build.0 = Release|Any CPU
	EndGlobalSection
	GlobalSection(SolutionProperties) = preSolution
		HideSolutionNode = FALSE
	EndGlobalSection
	GlobalSection(ExtensibilityGlobals) = postSolution
		SolutionGuid = {A2C892E9-1F7A-44EB-A771-9885C594400E}
	EndGlobalSection
EndGlobal
